
Microsoft Visual Studio Solution File, Format Version 12.00
Project("{FAE04EC0-301F-11D3-BF4B-00C04F79EFBC}") = "WebAPI", "WebAPI\WebAPI.csproj", "{3ECEC59B-06C4-45B3-AA30-765605D75DA6}"
EndProject
Global
	GlobalSection(SolutionConfigurationPlatforms) = preSolution
		Debug|Any CPU = Debug|Any CPU
		Release|Any CPU = Release|Any CPU
	EndGlobalSection
	GlobalSection(ProjectConfigurationPlatforms) = postSolution
		{3ECEC59B-06C4-45B3-AA30-765605D75DA6}.Debug|Any CPU.ActiveCfg = Debug|Any CPU
		{3ECEC59B-06C4-45B3-AA30-765605D75DA6}.Debug|Any CPU.Build.0 = Debug|Any CPU
		{3ECEC59B-06C4-45B3-AA30-765605D75DA6}.Release|Any CPU.ActiveCfg = Release|Any CPU
		{3ECEC59B-06C4-45B3-AA30-765605D75DA6}.Release|Any CPU.Build.0 = Release|Any CPU
	EndGlobalSection
EndGlobal
